
Microsoft Visual Studio Solution File, Format Version 12.00
# Visual Studio 15
VisualStudioVersion = 15.0.27703.2035
MinimumVisualStudioVersion = 10.0.40219.1
Project("{FAE04EC0-301F-11D3-BF4B-00C04F79EFBC}") = "iNIFY", "iNIFY\iNIFY.csproj", "{36282034-3256-4224-B326-1ACAE586F090}"
EndProject
Global
	GlobalSection(SolutionConfigurationPlatforms) = preSolution
		Debug|Any CPU = Debug|Any CPU
		Release|Any CPU = Release|Any CPU
	EndGlobalSection
	GlobalSection(ProjectConfigurationPlatforms) = postSolution
		{36282034-3256-4224-B326-1ACAE586F090}.Debug|Any CPU.ActiveCfg = Debug|Any CPU
		{36282034-3256-4224-B326-1ACAE586F090}.Debug|Any CPU.Build.0 = Debug|Any CPU
		{36282034-3256-4224-B326-1ACAE586F090}.Debug|Any CPU.Deploy.0 = Debug|Any CPU
		{36282034-3256-4224-B326-1ACAE586F090}.Release|Any CPU.ActiveCfg = Release|Any CPU
		{36282034-3256-4224-B326-1ACAE586F090}.Release|Any CPU.Build.0 = Release|Any CPU
		{36282034-3256-4224-B326-1ACAE586F090}.Release|Any CPU.Deploy.0 = Release|Any CPU
	EndGlobalSection
	GlobalSection(SolutionProperties) = preSolution
		HideSolutionNode = FALSE
	EndGlobalSection
	GlobalSection(ExtensibilityGlobals) = postSolution
		SolutionGuid = {DE491EDC-9FED-4597-84C9-EA26733FE224}
	EndGlobalSection
EndGlobal
